
Microsoft Visual Studio Solution File, Format Version 12.00
# Visual Studio Version 17
VisualStudioVersion = 17.9.34607.119
MinimumVisualStudioVersion = 10.0.40219.1
Project("{FAE04EC0-301F-11D3-BF4B-00C04F79EFBC}") = "back-dasigno-test", "back-dasigno-test\back-dasigno-test.csproj", "{CF488828-8D2C-4A52-9B2B-80B5B30FFB4B}"
EndProject
Global
	GlobalSection(SolutionConfigurationPlatforms) = preSolution
		Debug|Any CPU = Debug|Any CPU
		Release|Any CPU = Release|Any CPU
	EndGlobalSection
	GlobalSection(ProjectConfigurationPlatforms) = postSolution
		{CF488828-8D2C-4A52-9B2B-80B5B30FFB4B}.Debug|Any CPU.ActiveCfg = Debug|Any CPU
		{CF488828-8D2C-4A52-9B2B-80B5B30FFB4B}.Debug|Any CPU.Build.0 = Debug|Any CPU
		{CF488828-8D2C-4A52-9B2B-80B5B30FFB4B}.Release|Any CPU.ActiveCfg = Release|Any CPU
		{CF488828-8D2C-4A52-9B2B-80B5B30FFB4B}.Release|Any CPU.Build.0 = Release|Any CPU
	EndGlobalSection
	GlobalSection(SolutionProperties) = preSolution
		HideSolutionNode = FALSE
	EndGlobalSection
	GlobalSection(ExtensibilityGlobals) = postSolution
		SolutionGuid = {66FF7E8D-2D51-424B-8870-808296FC4C0D}
	EndGlobalSection
EndGlobal
